{
  "name": "ankinoter",
  "version": "1.0.0",
  "lockfileVersion": 2,
  "requires": true,
  "packages": {
    "": {
      "name": "ankinoter",
      "version": "1.0.0",
      "license": "ISC",
      "dependencies": {
        "await-exec": "^0.1.2"
      }
    },
    "node_modules/await-exec": {
      "version": "0.1.2",
      "resolved": "https://registry.npmjs.org/await-exec/-/await-exec-0.1.2.tgz",
      "integrity": "sha512-BQUiyBLScS0+YPnnCZZGjb78mZ8sQ8aKgxarDPNw05rpbaCS7VIQSLy2tgjZKct9Dn1xLbKMXOpA98OWei90zA=="
    }
  },
  "dependencies": {
    "await-exec": {
      "version": "0.1.2",
      "resolved": "https://registry.npmjs.org/await-exec/-/await-exec-0.1.2.tgz",
      "integrity": "sha512-BQUiyBLScS0+YPnnCZZGjb78mZ8sQ8aKgxarDPNw05rpbaCS7VIQSLy2tgjZKct9Dn1xLbKMXOpA98OWei90zA=="
    }
  }
}
